// !$*UTF8*$!
{
	archiveVersion = 1;
	classes = {
	};
	objectVersion = 55;
	objects = {

/* Begin PBXBuildFile section */
		379615BE27E9B23B0095A9D4 /* AppDelegate.swift in Sources */ = {isa = PBXBuildFile; fileRef = 379615BD27E9B23B0095A9D4 /* AppDelegate.swift */; };
		379615C027E9B23B0095A9D4 /* SceneDelegate.swift in Sources */ = {isa = PBXBuildFile; fileRef = 379615BF27E9B23B0095A9D4 /* SceneDelegate.swift */; };
		379615C227E9B23B0095A9D4 /* ViewController.swift in Sources */ = {isa = PBXBuildFile; fileRef = 379615C127E9B23B0095A9D4 /* ViewController.swift */; };
		379615C527E9B23B0095A9D4 /* Main.storyboard in Resources */ = {isa = PBXBuildFile; fileRef = 379615C327E9B23B0095A9D4 /* Main.storyboard */; };
		379615C727E9B23C0095A9D4 /* Assets.xcassets in Resources */ = {isa = PBXBuildFile; fileRef = 379615C627E9B23C0095A9D4 /* Assets.xcassets */; };
		379615CA27E9B23C0095A9D4 /* LaunchScreen.storyboard in Resources */ = {isa = PBXBuildFile; fileRef = 379615C827E9B23C0095A9D4 /* LaunchScreen.storyboard */; };
		379615D527E9B23C0095A9D4 /* Layout2Tests.swift in Sources */ = {isa = PBXBuildFile; fileRef = 379615D427E9B23C0095A9D4 /* Layout2Tests.swift */; };
		379615DF27E9B23C0095A9D4 /* Layout2UITests.swift in Sources */ = {isa = PBXBuildFile; fileRef = 379615DE27E9B23C0095A9D4 /* Layout2UITests.swift */; };
		379615E127E9B23C0095A9D4 /* Layout2UITestsLaunchTests.swift in Sources */ = {isa = PBXBuildFile; fileRef = 379615E027E9B23C0095A9D4 /* Layout2UITestsLaunchTests.swift */; };
		379615EE27E9BD650095A9D4 /* SegundaTelaViewController.swift in Sources */ = {isa = PBXBuildFile; fileRef = 379615ED27E9BD650095A9D4 /* SegundaTelaViewController.swift */; };
		37FC348B27EA603D00D17EA9 /* TabelaViewController.swift in Sources */ = {isa = PBXBuildFile; fileRef = 37FC348A27EA603D00D17EA9 /* TabelaViewController.swift */; };
/* End PBXBuildFile section */

/* Begin PBXContainerItemProxy section */
		379615D127E9B23C0095A9D4 /* PBXContainerItemProxy */ = {
			isa = PBXContainerItemProxy;
			containerPortal = 379615B227E9B23B0095A9D4 /* Project object */;
			proxyType = 1;
			remoteGlobalIDString = 379615B927E9B23B0095A9D4;
			remoteInfo = Layout2;
		};
		379615DB27E9B23C0095A9D4 /* PBXContainerItemProxy */ = {
			isa = PBXContainerItemProxy;
			containerPortal = 379615B227E9B23B0095A9D4 /* Project object */;
			proxyType = 1;
			remoteGlobalIDString = 379615B927E9B23B0095A9D4;
			remoteInfo = Layout2;
		};
/* End PBXContainerItemProxy section */

/* Begin PBXFileReference section */
		379615BA27E9B23B0095A9D4 /* Layout2.app */ = {isa = PBXFileReference; explicitFileType = wrapper.application; includeInIndex = 0; path = Layout2.app; sourceTree = BUILT_PRODUCTS_DIR; };
		379615BD27E9B23B0095A9D4 /* AppDelegate.swift */ = {isa = PBXFileReference; lastKnownFileType = sourcecode.swift; path = AppDelegate.swift; sourceTree = "<group>"; };
		379615BF27E9B23B0095A9D4 /* SceneDelegate.swift */ = {isa = PBXFileReference; lastKnownFileType = sourcecode.swift; path = SceneDelegate.swift; sourceTree = "<group>"; };
		379615C127E9B23B0095A9D4 /* ViewController.swift */ = {isa = PBXFileReference; lastKnownFileType = sourcecode.swift; path = ViewController.swift; sourceTree = "<group>"; };
		379615C427E9B23B0095A9D4 /* Base */ = {isa = PBXFileReference; lastKnownFileType = file.storyboard; name = Base; path = Base.lproj/Main.storyboard; sourceTree = "<group>"; };
		379615C627E9B23C0095A9D4 /* Assets.xcassets */ = {isa = PBXFileReference; lastKnownFileType = folder.assetcatalog; path = Assets.xcassets; sourceTree = "<group>"; };
		379615C927E9B23C0095A9D4 /* Base */ = {isa = PBXFileReference; lastKnownFileType = file.storyboard; name = Base; path = Base.lproj/LaunchScreen.storyboard; sourceTree = "<group>"; };
		379615CB27E9B23C0095A9D4 /* Info.plist */ = {isa = PBXFileReference; lastKnownFileType = text.plist.xml; path = Info.plist; sourceTree = "<group>"; };
		379615D027E9B23C0095A9D4 /* Layout2Tests.xctest */ = {isa = PBXFileReference; explicitFileType = wrapper.cfbundle; includeInIndex = 0; path = Layout2Tests.xctest; sourceTree = BUILT_PRODUCTS_DIR; };
		379615D427E9B23C0095A9D4 /* Layout2Tests.swift */ = {isa = PBXFileReference; lastKnownFileType = sourcecode.swift; path = Layout2Tests.swift; sourceTree = "<group>"; };
		379615DA27E9B23C0095A9D4 /* Layout2UITests.xctest */ = {isa = PBXFileReference; explicitFileType = wrapper.cfbundle; includeInIndex = 0; path = Layout2UITests.xctest; sourceTree = BUILT_PRODUCTS_DIR; };
		379615DE27E9B23C0095A9D4 /* Layout2UITests.swift */ = {isa = PBXFileReference; lastKnownFileType = sourcecode.swift; path = Layout2UITests.swift; sourceTree = "<group>"; };
		379615E027E9B23C0095A9D4 /* Layout2UITestsLaunchTests.swift */ = {isa = PBXFileReference; lastKnownFileType = sourcecode.swift; path = Layout2UITestsLaunchTests.swift; sourceTree = "<group>"; };
		379615ED27E9BD650095A9D4 /* SegundaTelaViewController.swift */ = {isa = PBXFileReference; lastKnownFileType = sourcecode.swift; path = SegundaTelaViewController.swift; sourceTree = "<group>"; };
		37FC348A27EA603D00D17EA9 /* TabelaViewController.swift */ = {isa = PBXFileReference; lastKnownFileType = sourcecode.swift; path = TabelaViewController.swift; sourceTree = "<group>"; };
/* End PBXFileReference section */

/* Begin PBXFrameworksBuildPhase section */
		379615B727E9B23B0095A9D4 /* Frameworks */ = {
			isa = PBXFrameworksBuildPhase;
			buildActionMask = 2147483647;
			files = (
			);
			runOnlyForDeploymentPostprocessing = 0;
		};
		379615CD27E9B23C0095A9D4 /* Frameworks */ = {
			isa = PBXFrameworksBuildPhase;
			buildActionMask = 2147483647;
			files = (
			);
			runOnlyForDeploymentPostprocessing = 0;
		};
		379615D727E9B23C0095A9D4 /* Frameworks */ = {
			isa = PBXFrameworksBuildPhase;
			buildActionMask = 2147483647;
			files = (
			);
			runOnlyForDeploymentPostprocessing = 0;
		};
/* End PBXFrameworksBuildPhase section */

/* Begin PBXGroup section */
		379615B127E9B23B0095A9D4 = {
			isa = PBXGroup;
			children = (
				37FC348A27EA603D00D17EA9 /* TabelaViewController.swift */,
				379615ED27E9BD650095A9D4 /* SegundaTelaViewController.swift */,
				379615BC27E9B23B0095A9D4 /* Layout2 */,
				379615D327E9B23C0095A9D4 /* Layout2Tests */,
				379615DD27E9B23C0095A9D4 /* Layout2UITests */,
				379615BB27E9B23B0095A9D4 /* Products */,
			);
			sourceTree = "<group>";
		};
		379615BB27E9B23B0095A9D4 /* Products */ = {
			isa = PBXGroup;
			children = (
				379615BA27E9B23B0095A9D4 /* Layout2.app */,
				379615D027E9B23C0095A9D4 /* Layout2Tests.xctest */,
				379615DA27E9B23C0095A9D4 /* Layout2UITests.xctest */,
			);
			name = Products;
			sourceTree = "<group>";
		};
		379615BC27E9B23B0095A9D4 /* Layout2 */ = {
			isa = PBXGroup;
			children = (
				379615BD27E9B23B0095A9D4 /* AppDelegate.swift */,
				379615BF27E9B23B0095A9D4 /* SceneDelegate.swift */,
				379615C127E9B23B0095A9D4 /* ViewController.swift */,
				379615C327E9B23B0095A9D4 /* Main.storyboard */,
				379615C627E9B23C0095A9D4 /* Assets.xcassets */,
				379615C827E9B23C0095A9D4 /* LaunchScreen.storyboard */,
				379615CB27E9B23C0095A9D4 /* Info.plist */,
			);
			path = Layout2;
			sourceTree = "<group>";
		};
		379615D327E9B23C0095A9D4 /* Layout2Tests */ = {
			isa = PBXGroup;
			children = (
				379615D427E9B23C0095A9D4 /* Layout2Tests.swift */,
			);
			path = Layout2Tests;
			sourceTree = "<group>";
		};
		379615DD27E9B23C0095A9D4 /* Layout2UITests */ = {
			isa = PBXGroup;
			children = (
				379615DE27E9B23C0095A9D4 /* Layout2UITests.swift */,
				379615E027E9B23C0095A9D4 /* Layout2UITestsLaunchTests.swift */,
			);
			path = Layout2UITests;
			sourceTree = "<group>";
		};
/* End PBXGroup section */

/* Begin PBXNativeTarget section */
		379615B927E9B23B0095A9D4 /* Layout2 */ = {
			isa = PBXNativeTarget;
			buildConfigurationList = 379615E427E9B23C0095A9D4 /* Build configuration list for PBXNativeTarget "Layout2" */;
			buildPhases = (
				379615B627E9B23B0095A9D4 /* Sources */,
				379615B727E9B23B0095A9D4 /* Frameworks */,
				379615B827E9B23B0095A9D4 /* Resources */,
			);
			buildRules = (
			);
			dependencies = (
			);
			name = Layout2;
			productName = Layout2;
			productReference = 379615BA27E9B23B0095A9D4 /* Layout2.app */;
			productType = "com.apple.product-type.application";
		};
		379615CF27E9B23C0095A9D4 /* Layout2Tests */ = {
			isa = PBXNativeTarget;
			buildConfigurationList = 379615E727E9B23C0095A9D4 /* Build configuration list for PBXNativeTarget "Layout2Tests" */;
			buildPhases = (
				379615CC27E9B23C0095A9D4 /* Sources */,
				379615CD27E9B23C0095A9D4 /* Frameworks */,
				379615CE27E9B23C0095A9D4 /* Resources */,
			);
			buildRules = (
			);
			dependencies = (
				379615D227E9B23C0095A9D4 /* PBXTargetDependency */,
			);
			name = Layout2Tests;
			productName = Layout2Tests;
			productReference = 379615D027E9B23C0095A9D4 /* Layout2Tests.xctest */;
			productType = "com.apple.product-type.bundle.unit-test";
		};
		379615D927E9B23C0095A9D4 /* Layout2UITests */ = {
			isa = PBXNativeTarget;
			buildConfigurationList = 379615EA27E9B23C0095A9D4 /* Build configuration list for PBXNativeTarget "Layout2UITests" */;
			buildPhases = (
				379615D627E9B23C0095A9D4 /* Sources */,
				379615D727E9B23C0095A9D4 /* Frameworks */,
				379615D827E9B23C0095A9D4 /* Resources */,
			);
			buildRules = (
			);
			dependencies = (
				379615DC27E9B23C0095A9D4 /* PBXTargetDependency */,
			);
			name = Layout2UITests;
			productName = Layout2UITests;
			productReference = 379615DA27E9B23C0095A9D4 /* Layout2UITests.xctest */;
			productType = "com.apple.product-type.bundle.ui-testing";
		};
/* End PBXNativeTarget section */

/* Begin PBXProject section */
		379615B227E9B23B0095A9D4 /* Project object */ = {
			isa = PBXProject;
			attributes = {
				BuildIndependentTargetsInParallel = 1;
				LastSwiftUpdateCheck = 1330;
				LastUpgradeCheck = 1330;
				TargetAttributes = {
					379615B927E9B23B0095A9D4 = {
						CreatedOnToolsVersion = 13.3;
					};
					379615CF27E9B23C0095A9D4 = {
						CreatedOnToolsVersion = 13.3;
						TestTargetID = 379615B927E9B23B0095A9D4;
					};
					379615D927E9B23C0095A9D4 = {
						CreatedOnToolsVersion = 13.3;
						TestTargetID = 379615B927E9B23B0095A9D4;
					};
				};
			};
			buildConfigurationList = 379615B527E9B23B0095A9D4 /* Build configuration list for PBXProject "Layout2" */;
			compatibilityVersion = "Xcode 13.0";
			developmentRegion = en;
			hasScannedForEncodings = 0;
			knownRegions = (
				en,
				Base,
			);
			mainGroup = 379615B127E9B23B0095A9D4;
			productRefGroup = 379615BB27E9B23B0095A9D4 /* Products */;
			projectDirPath = "";
			projectRoot = "";
			targets = (
				379615B927E9B23B0095A9D4 /* Layout2 */,
				379615CF27E9B23C0095A9D4 /* Layout2Tests */,
				379615D927E9B23C0095A9D4 /* Layout2UITests */,
			);
		};
/* End PBXProject section */

/* Begin PBXResourcesBuildPhase section */
		379615B827E9B23B0095A9D4 /* Resources */ = {
			isa = PBXResourcesBuildPhase;
			buildActionMask = 2147483647;
			files = (
				379615CA27E9B23C0095A9D4 /* LaunchScreen.storyboard in Resources */,
				379615C727E9B23C0095A9D4 /* Assets.xcassets in Resources */,
				379615C527E9B23B0095A9D4 /* Main.storyboard in Resources */,
			);
			runOnlyForDeploymentPostprocessing = 0;
		};
		379615CE27E9B23C0095A9D4 /* Resources */ = {
			isa = PBXResourcesBuildPhase;
			buildActionMask = 2147483647;
			files = (
			);
			runOnlyForDeploymentPostprocessing = 0;
		};
		379615D827E9B23C0095A9D4 /* Resources */ = {
			isa = PBXResourcesBuildPhase;
			buildActionMask = 2147483647;
			files = (
			);
			runOnlyForDeploymentPostprocessing = 0;
		};
/* End PBXResourcesBuildPhase section */

/* Begin PBXSourcesBuildPhase section */
		379615B627E9B23B0095A9D4 /* Sources */ = {
			isa = PBXSourcesBuildPhase;
			buildActionMask = 2147483647;
			files = (
				379615C227E9B23B0095A9D4 /* ViewController.swift in Sources */,
				379615BE27E9B23B0095A9D4 /* AppDelegate.swift in Sources */,
				379615EE27E9BD650095A9D4 /* SegundaTelaViewController.swift in Sources */,
				37FC348B27EA603D00D17EA9 /* TabelaViewController.swift in Sources */,
				379615C027E9B23B0095A9D4 /* SceneDelegate.swift in Sources */,
			);
			runOnlyForDeploymentPostprocessing = 0;
		};
		379615CC27E9B23C0095A9D4 /* Sources */ = {
			isa = PBXSourcesBuildPhase;
			buildActionMask = 2147483647;
			files = (
				379615D527E9B23C0095A9D4 /* Layout2Tests.swift in Sources */,
			);
			runOnlyForDeploymentPostprocessing = 0;
		};
		379615D627E9B23C0095A9D4 /* Sources */ = {
			isa = PBXSourcesBuildPhase;
			buildActionMask = 2147483647;
			files = (
				379615DF27E9B23C0095A9D4 /* Layout2UITests.swift in Sources */,
				379615E127E9B23C0095A9D4 /* Layout2UITestsLaunchTests.swift in Sources */,
			);
			runOnlyForDeploymentPostprocessing = 0;
		};
/* End PBXSourcesBuildPhase section */

/* Begin PBXTargetDependency section */
		379615D227E9B23C0095A9D4 /* PBXTargetDependency */ = {
			isa = PBXTargetDependency;
			target = 379615B927E9B23B0095A9D4 /* Layout2 */;
			targetProxy = 379615D127E9B23C0095A9D4 /* PBXContainerItemProxy */;
		};
		379615DC27E9B23C0095A9D4 /* PBXTargetDependency */ = {
			isa = PBXTargetDependency;
			target = 379615B927E9B23B0095A9D4 /* Layout2 */;
			targetProxy = 379615DB27E9B23C0095A9D4 /* PBXContainerItemProxy */;
		};
/* End PBXTargetDependency section */

/* Begin PBXVariantGroup section */
		379615C327E9B23B0095A9D4 /* Main.storyboard */ = {
			isa = PBXVariantGroup;
			children = (
				379615C427E9B23B0095A9D4 /* Base */,
			);
			name = Main.storyboard;
			sourceTree = "<group>";
		};
		379615C827E9B23C0095A9D4 /* LaunchScreen.storyboard */ = {
			isa = PBXVariantGroup;
			children = (
				379615C927E9B23C0095A9D4 /* Base */,
			);
			name = LaunchScreen.storyboard;
			sourceTree = "<group>";
		};
/* End PBXVariantGroup section */

/* Begin XCBuildConfiguration section */
		379615E227E9B23C0095A9D4 /* Debug */ = {
			isa = XCBuildConfiguration;
			buildSettings = {
				ALWAYS_SEARCH_USER_PATHS = NO;
				CLANG_ANALYZER_NONNULL = YES;
				CLANG_ANALYZER_NUMBER_OBJECT_CONVERSION = YES_AGGRESSIVE;
				CLANG_CXX_LANGUAGE_STANDARD = "gnu++17";
				CLANG_ENABLE_MODULES = YES;
				CLANG_ENABLE_OBJC_ARC = YES;
				CLANG_ENABLE_OBJC_WEAK = YES;
				CLANG_WARN_BLOCK_CAPTURE_AUTORELEASING = YES;
				CLANG_WARN_BOOL_CONVERSION = YES;
				CLANG_WARN_COMMA = YES;
				CLANG_WARN_CONSTANT_CONVERSION = YES;
				CLANG_WARN_DEPRECATED_OBJC_IMPLEMENTATIONS = YES;
				CLANG_WARN_DIRECT_OBJC_ISA_USAGE = YES_ERROR;
				CLANG_WARN_DOCUMENTATION_COMMENTS = YES;
				CLANG_WARN_EMPTY_BODY = YES;
				CLANG_WARN_ENUM_CONVERSION = YES;
				CLANG_WARN_INFINITE_RECURSION = YES;
				CLANG_WARN_INT_CONVERSION = YES;
				CLANG_WARN_NON_LITERAL_NULL_CONVERSION = YES;
				CLANG_WARN_OBJC_IMPLICIT_RETAIN_SELF = YES;
				CLANG_WARN_OBJC_LITERAL_CONVERSION = YES;
				CLANG_WARN_OBJC_ROOT_CLASS = YES_ERROR;
				CLANG_WARN_QUOTED_INCLUDE_IN_FRAMEWORK_HEADER = YES;
				CLANG_WARN_RANGE_LOOP_ANALYSIS = YES;
				CLANG_WARN_STRICT_PROTOTYPES = YES;
				CLANG_WARN_SUSPICIOUS_MOVE = YES;
				CLANG_WARN_UNGUARDED_AVAILABILITY = YES_AGGRESSIVE;
				CLANG_WARN_UNREACHABLE_CODE = YES;
				CLANG_WARN__DUPLICATE_METHOD_MATCH = YES;
				COPY_PHASE_STRIP = NO;
				DEBUG_INFORMATION_FORMAT = dwarf;
				ENABLE_STRICT_OBJC_MSGSEND = YES;
				ENABLE_TESTABILITY = YES;
				GCC_C_LANGUAGE_STANDARD = gnu11;
				GCC_DYNAMIC_NO_PIC = NO;
				GCC_NO_COMMON_BLOCKS = YES;
				GCC_OPTIMIZATION_LEVEL = 0;
				GCC_PREPROCESSOR_DEFINITIONS = (
					"DEBUG=1",
					"$(inherited)",
				);
				GCC_WARN_64_TO_32_BIT_CONVERSION = YES;
				GCC_WARN_ABOUT_RETURN_TYPE = YES_ERROR;
				GCC_WARN_UNDECLARED_SELECTOR = YES;
				GCC_WARN_UNINITIALIZED_AUTOS = YES_AGGRESSIVE;
				GCC_WARN_UNUSED_FUNCTION = YES;
				GCC_WARN_UNUSED_VARIABLE = YES;
				IPHONEOS_DEPLOYMENT_TARGET = 15.4;
				MTL_ENABLE_DEBUG_INFO = INCLUDE_SOURCE;
				MTL_FAST_MATH = YES;
				ONLY_ACTIVE_ARCH = YES;
				SDKROOT = iphoneos;
				SWIFT_ACTIVE_COMPILATION_CONDITIONS = DEBUG;
				SWIFT_OPTIMIZATION_LEVEL = "-Onone";
			};
			name = Debug;
		};
		379615E327E9B23C0095A9D4 /* Release */ = {
			isa = XCBuildConfiguration;
			buildSettings = {
				ALWAYS_SEARCH_USER_PATHS = NO;
				CLANG_ANALYZER_NONNULL = YES;
				CLANG_ANALYZER_NUMBER_OBJECT_CONVERSION = YES_AGGRESSIVE;
				CLANG_CXX_LANGUAGE_STANDARD = "gnu++17";
				CLANG_ENABLE_MODULES = YES;
				CLANG_ENABLE_OBJC_ARC = YES;
				CLANG_ENABLE_OBJC_WEAK = YES;
				CLANG_WARN_BLOCK_CAPTURE_AUTORELEASING = YES;
				CLANG_WARN_BOOL_CONVERSION = YES;
				CLANG_WARN_COMMA = YES;
				CLANG_WARN_CONSTANT_CONVERSION = YES;
				CLANG_WARN_DEPRECATED_OBJC_IMPLEMENTATIONS = YES;
				CLANG_WARN_DIRECT_OBJC_ISA_USAGE = YES_ERROR;
				CLANG_WARN_DOCUMENTATION_COMMENTS = YES;
				CLANG_WARN_EMPTY_BODY = YES;
				CLANG_WARN_ENUM_CONVERSION = YES;
				CLANG_WARN_INFINITE_RECURSION = YES;
				CLANG_WARN_INT_CONVERSION = YES;
				CLANG_WARN_NON_LITERAL_NULL_CONVERSION = YES;
				CLANG_WARN_OBJC_IMPLICIT_RETAIN_SELF = YES;
				CLANG_WARN_OBJC_LITERAL_CONVERSION = YES;
				CLANG_WARN_OBJC_ROOT_CLASS = YES_ERROR;
				CLANG_WARN_QUOTED_INCLUDE_IN_FRAMEWORK_HEADER = YES;
				CLANG_WARN_RANGE_LOOP_ANALYSIS = YES;
				CLANG_WARN_STRICT_PROTOTYPES = YES;
				CLANG_WARN_SUSPICIOUS_MOVE = YES;
				CLANG_WARN_UNGUARDED_AVAILABILITY = YES_AGGRESSIVE;
				CLANG_WARN_UNREACHABLE_CODE = YES;
				CLANG_WARN__DUPLICATE_METHOD_MATCH = YES;
				COPY_PHASE_STRIP = NO;
				DEBUG_INFORMATION_FORMAT = "dwarf-with-dsym";
				ENABLE_NS_ASSERTIONS = NO;
				ENABLE_STRICT_OBJC_MSGSEND = YES;
				GCC_C_LANGUAGE_STANDARD = gnu11;
				GCC_NO_COMMON_BLOCKS = YES;
				GCC_WARN_64_TO_32_BIT_CONVERSION = YES;
				GCC_WARN_ABOUT_RETURN_TYPE = YES_ERROR;
				GCC_WARN_UNDECLARED_SELECTOR = YES;
				GCC_WARN_UNINITIALIZED_AUTOS = YES_AGGRESSIVE;
				GCC_WARN_UNUSED_FUNCTION = YES;
				GCC_WARN_UNUSED_VARIABLE = YES;
				IPHONEOS_DEPLOYMENT_TARGET = 15.4;
				MTL_ENABLE_DEBUG_INFO = NO;
				MTL_FAST_MATH = YES;
				SDKROOT = iphoneos;
				SWIFT_COMPILATION_MODE = wholemodule;
				SWIFT_OPTIMIZATION_LEVEL = "-O";
				VALIDATE_PRODUCT = YES;
			};
			name = Release;
		};
		379615E527E9B23C0095A9D4 /* Debug */ = {
			isa = XCBuildConfiguration;
			buildSettings = {
				ASSETCATALOG_COMPILER_APPICON_NAME = AppIcon;
				ASSETCATALOG_COMPILER_GLOBAL_ACCENT_COLOR_NAME = AccentColor;
				CODE_SIGN_STYLE = Automatic;
				CURRENT_PROJECT_VERSION = 1;
				GENERATE_INFOPLIST_FILE = YES;
				INFOPLIST_FILE = Layout2/Info.plist;
				INFOPLIST_KEY_UIApplicationSupportsIndirectInputEvents = YES;
				INFOPLIST_KEY_UILaunchStoryboardName = LaunchScreen;
				INFOPLIST_KEY_UIMainStoryboardFile = Main;
				INFOPLIST_KEY_UISupportedInterfaceOrientations_iPad = "UIInterfaceOrientationPortrait UIInterfaceOrientationPortraitUpsideDown UIInterfaceOrientationLandscapeLeft UIInterfaceOrientationLandscapeRight";
				INFOPLIST_KEY_UISupportedInterfaceOrientations_iPhone = "UIInterfaceOrientationPortrait UIInterfaceOrientationLandscapeLeft UIInterfaceOrientationLandscapeRight";
				LD_RUNPATH_SEARCH_PATHS = (
					"$(inherited)",
					"@executable_path/Frameworks",
				);
				MARKETING_VERSION = 1.0;
				PRODUCT_BUNDLE_IDENTIFIER = br.com.brq.Layout2;
				PRODUCT_NAME = "$(TARGET_NAME)";
				SWIFT_EMIT_LOC_STRINGS = YES;
				SWIFT_VERSION = 5.0;
				TARGETED_DEVICE_FAMILY = "1,2";
			};
			name = Debug;
		};
		379615E627E9B23C0095A9D4 /* Release */ = {
			isa = XCBuildConfiguration;
			buildSettings = {
				ASSETCATALOG_COMPILER_APPICON_NAME = AppIcon;
				ASSETCATALOG_COMPILER_GLOBAL_ACCENT_COLOR_NAME = AccentColor;
				CODE_SIGN_STYLE = Automatic;
				CURRENT_PROJECT_VERSION = 1;
				GENERATE_INFOPLIST_FILE = YES;
				INFOPLIST_FILE = Layout2/Info.plist;
				INFOPLIST_KEY_UIApplicationSupportsIndirectInputEvents = YES;
				INFOPLIST_KEY_UILaunchStoryboardName = LaunchScreen;
				INFOPLIST_KEY_UIMainStoryboardFile = Main;
				INFOPLIST_KEY_UISupportedInterfaceOrientations_iPad = "UIInterfaceOrientationPortrait UIInterfaceOrientationPortraitUpsideDown UIInterfaceOrientationLandscapeLeft UIInterfaceOrientationLandscapeRight";
				INFOPLIST_KEY_UISupportedInterfaceOrientations_iPhone = "UIInterfaceOrientationPortrait UIInterfaceOrientationLandscapeLeft UIInterfaceOrientationLandscapeRight";
				LD_RUNPATH_SEARCH_PATHS = (
					"$(inherited)",
					"@executable_path/Frameworks",
				);
				MARKETING_VERSION = 1.0;
				PRODUCT_BUNDLE_IDENTIFIER = br.com.brq.Layout2;
				PRODUCT_NAME = "$(TARGET_NAME)";
				SWIFT_EMIT_LOC_STRINGS = YES;
				SWIFT_VERSION = 5.0;
				TARGETED_DEVICE_FAMILY = "1,2";
			};
			name = Release;
		};
		379615E827E9B23C0095A9D4 /* Debug */ = {
			isa = XCBuildConfiguration;
			buildSettings = {
				ALWAYS_EMBED_SWIFT_STANDARD_LIBRARIES = YES;
				BUNDLE_LOADER = "$(TEST_HOST)";
				CODE_SIGN_STYLE = Automatic;
				CURRENT_PROJECT_VERSION = 1;
				GENERATE_INFOPLIST_FILE = YES;
				IPHONEOS_DEPLOYMENT_TARGET = 15.4;
				MARKETING_VERSION = 1.0;
				PRODUCT_BUNDLE_IDENTIFIER = br.com.brq.Layout2Tests;
				PRODUCT_NAME = "$(TARGET_NAME)";
				SWIFT_EMIT_LOC_STRINGS = NO;
				SWIFT_VERSION = 5.0;
				TARGETED_DEVICE_FAMILY = "1,2";
				TEST_HOST = "$(BUILT_PRODUCTS_DIR)/Layout2.app/Layout2";
			};
			name = Debug;
		};
		379615E927E9B23C0095A9D4 /* Release */ = {
			isa = XCBuildConfiguration;
			buildSettings = {
				ALWAYS_EMBED_SWIFT_STANDARD_LIBRARIES = YES;
				BUNDLE_LOADER = "$(TEST_HOST)";
				CODE_SIGN_STYLE = Automatic;
				CURRENT_PROJECT_VERSION = 1;
				GENERATE_INFOPLIST_FILE = YES;
				IPHONEOS_DEPLOYMENT_TARGET = 15.4;
				MARKETING_VERSION = 1.0;
				PRODUCT_BUNDLE_IDENTIFIER = br.com.brq.Layout2Tests;
				PRODUCT_NAME = "$(TARGET_NAME)";
				SWIFT_EMIT_LOC_STRINGS = NO;
				SWIFT_VERSION = 5.0;
				TARGETED_DEVICE_FAMILY = "1,2";
				TEST_HOST = "$(BUILT_PRODUCTS_DIR)/Layout2.app/Layout2";
			};
			name = Release;
		};
		379615EB27E9B23C0095A9D4 /* Debug */ = {
			isa = XCBuildConfiguration;
			buildSettings = {
				ALWAYS_EMBED_SWIFT_STANDARD_LIBRARIES = YES;
				CODE_SIGN_STYLE = Automatic;
				CURRENT_PROJECT_VERSION = 1;
				GENERATE_INFOPLIST_FILE = YES;
				MARKETING_VERSION = 1.0;
				PRODUCT_BUNDLE_IDENTIFIER = br.com.brq.Layout2UITests;
				PRODUCT_NAME = "$(TARGET_NAME)";
				SWIFT_EMIT_LOC_STRINGS = NO;
				SWIFT_VERSION = 5.0;
				TARGETED_DEVICE_FAMILY = "1,2";
				TEST_TARGET_NAME = Layout2;
			};
			name = Debug;
		};
		379615EC27E9B23C0095A9D4 /* Release */ = {
			isa = XCBuildConfiguration;
			buildSettings = {
				ALWAYS_EMBED_SWIFT_STANDARD_LIBRARIES = YES;
				CODE_SIGN_STYLE = Automatic;
				CURRENT_PROJECT_VERSION = 1;
				GENERATE_INFOPLIST_FILE = YES;
				MARKETING_VERSION = 1.0;
				PRODUCT_BUNDLE_IDENTIFIER = br.com.brq.Layout2UITests;
				PRODUCT_NAME = "$(TARGET_NAME)";
				SWIFT_EMIT_LOC_STRINGS = NO;
				SWIFT_VERSION = 5.0;
				TARGETED_DEVICE_FAMILY = "1,2";
				TEST_TARGET_NAME = Layout2;
			};
			name = Release;
		};
/* End XCBuildConfiguration section */

/* Begin XCConfigurationList section */
		379615B527E9B23B0095A9D4 /* Build configuration list for PBXProject "Layout2" */ = {
			isa = XCConfigurationList;
			buildConfigurations = (
				379615E227E9B23C0095A9D4 /* Debug */,
				379615E327E9B23C0095A9D4 /* Release */,
			);
			defaultConfigurationIsVisible = 0;
			defaultConfigurationName = Release;
		};
		379615E427E9B23C0095A9D4 /* Build configuration list for PBXNativeTarget "Layout2" */ = {
			isa = XCConfigurationList;
			buildConfigurations = (
				379615E527E9B23C0095A9D4 /* Debug */,
				379615E627E9B23C0095A9D4 /* Release */,
			);
			defaultConfigurationIsVisible = 0;
			defaultConfigurationName = Release;
		};
		379615E727E9B23C0095A9D4 /* Build configuration list for PBXNativeTarget "Layout2Tests" */ = {
			isa = XCConfigurationList;
			buildConfigurations = (
				379615E827E9B23C0095A9D4 /* Debug */,
				379615E927E9B23C0095A9D4 /* Release */,
			);
			defaultConfigurationIsVisible = 0;
			defaultConfigurationName = Release;
		};
		379615EA27E9B23C0095A9D4 /* Build configuration list for PBXNativeTarget "Layout2UITests" */ = {
			isa = XCConfigurationList;
			buildConfigurations = (
				379615EB27E9B23C0095A9D4 /* Debug */,
				379615EC27E9B23C0095A9D4 /* Release */,
			);
			defaultConfigurationIsVisible = 0;
			defaultConfigurationName = Release;
		};
/* End XCConfigurationList section */
	};
	rootObject = 379615B227E9B23B0095A9D4 /* Project object */;
}
